// !$*UTF8*$!
{
	archiveVersion = 1;
	classes = {
	};
	objectVersion = 77;
	objects = {

/* Begin PBXBuildFile section */
		0477D02CC61C969BEACF71B6 /* ImpostorVoteView.swift in Sources */ = {isa = PBXBuildFile; fileRef = A3EFF12CE41ED96B538E4A93 /* ImpostorVoteView.swift */; };
		0551644BD8BD9DDD31D4471B /* WordBombCoordinator.swift in Sources */ = {isa = PBXBuildFile; fileRef = 3E0D44900EFB6A9A25FA7516 /* WordBombCoordinator.swift */; };
		092D66A26164A51249895123 /* AppState.swift in Sources */ = {isa = PBXBuildFile; fileRef = 70CFB486F0376C3C5CAABAB1 /* AppState.swift */; };
		0BB32DB11DDEFDAD719D882E /* WhoAmIData.swift in Sources */ = {isa = PBXBuildFile; fileRef = 8C236ED642335486CCD4FC20 /* WhoAmIData.swift */; };
		11BFCF26338119DF2F23310A /* WordBombData.swift in Sources */ = {isa = PBXBuildFile; fileRef = B57570D26DA5FBF1624A4959 /* WordBombData.swift */; };
		15AE4CA01EE2D586DCB6EE10 /* GameDefinition.swift in Sources */ = {isa = PBXBuildFile; fileRef = 37AAA83CEF2397FE0B65649E /* GameDefinition.swift */; };
		15D9FD3C02965F73370D49A1 /* MostLikelyToResultView.swift in Sources */ = {isa = PBXBuildFile; fileRef = 62FDAB0E12EC463C4C14AA4B /* MostLikelyToResultView.swift */; };
		1824CE315DA99DDC0F14C96E /* RouletteCoordinator.swift in Sources */ = {isa = PBXBuildFile; fileRef = 834D8CC3F48E706124469687 /* RouletteCoordinator.swift */; };
		1E2236996139376E3A40BF11 /* MostLikelyToVoteView.swift in Sources */ = {isa = PBXBuildFile; fileRef = A949A1FE1F80D77AB793D96F /* MostLikelyToVoteView.swift */; };
		25B60ABF587E71425CAD29C0 /* ImpostorRevealView.swift in Sources */ = {isa = PBXBuildFile; fileRef = D37DAC3B0760C2F92BC84360 /* ImpostorRevealView.swift */; };
		27E8A92FE449504A9BF31F30 /* TimerRing.swift in Sources */ = {isa = PBXBuildFile; fileRef = B5314861184126B5BC43C3B2 /* TimerRing.swift */; };
		2AABFE6F69572664BECB812C /* MostLikelyToSetupView.swift in Sources */ = {isa = PBXBuildFile; fileRef = C34EFA029CE48FECE72A1A42 /* MostLikelyToSetupView.swift */; };
		2FD61F0C2E1B294AEA4863ED /* PassScreen.swift in Sources */ = {isa = PBXBuildFile; fileRef = 3C71D0EEA640B882AD5CE2C0 /* PassScreen.swift */; };
		395623D5E8EE4D07588E1E96 /* WhoAmISetupView.swift in Sources */ = {isa = PBXBuildFile; fileRef = 453D0189FA2BEE9FCA74CE05 /* WhoAmISetupView.swift */; };
		3F198E19DA29964928D821A1 /* ImpostorSetupView.swift in Sources */ = {isa = PBXBuildFile; fileRef = 933A19223F6587440912A2D8 /* ImpostorSetupView.swift */; };
		3F82AA6690DAB2F75FD1E74E /* SettingsView.swift in Sources */ = {isa = PBXBuildFile; fileRef = 6A9825CE8FC8FD3612224701 /* SettingsView.swift */; };
		43F803B089FC18B0E211AF73 /* GlowButton.swift in Sources */ = {isa = PBXBuildFile; fileRef = B4DDF90CC922854E86F61D19 /* GlowButton.swift */; };
		471714172F0F5E3A9D057FB6 /* whoami_en.json in Resources */ = {isa = PBXBuildFile; fileRef = 62A31AA0CE83F31B59E48978 /* whoami_en.json */; };
		4EDC1D8408781F03586A8501 /* WordBombPassView.swift in Sources */ = {isa = PBXBuildFile; fileRef = A43BFA3E7A53F6392EDA9D69 /* WordBombPassView.swift */; };
		4FFF07FCE7E6A3B3347067B4 /* WhoAmIPassView.swift in Sources */ = {isa = PBXBuildFile; fileRef = 83A94367943E8C9B61F1E551 /* WhoAmIPassView.swift */; };
		518C71303DBD0908936690B8 /* MostLikelyToRevealView.swift in Sources */ = {isa = PBXBuildFile; fileRef = F730C4325D0E7D2D377D5726 /* MostLikelyToRevealView.swift */; };
		56EAF62AD2E84986B9D66A01 /* WhoAmITurnResultView.swift in Sources */ = {isa = PBXBuildFile; fileRef = 1B3E939BD0CB71C16DB6FC88 /* WhoAmITurnResultView.swift */; };
		5D7B57C80ED8BBA8DA4F5EAF /* MostLikelyToQuestionView.swift in Sources */ = {isa = PBXBuildFile; fileRef = C5DE3FAFCFF28BD268BFE1D3 /* MostLikelyToQuestionView.swift */; };
		64155FA2B0B2E8B00500E5CB /* RouletteWheelView.swift in Sources */ = {isa = PBXBuildFile; fileRef = 5D00BD9B4CE99E023886D9BB /* RouletteWheelView.swift */; };
		66BE36348884B2E45776E929 /* NeonCard.swift in Sources */ = {isa = PBXBuildFile; fileRef = 8FCEDA16394F1F3A0AB78884 /* NeonCard.swift */; };
		6CB128BCCDCECCF638B9303B /* ImpostorGame.swift in Sources */ = {isa = PBXBuildFile; fileRef = 8EDCE1F6A6F3ED4C9747835E /* ImpostorGame.swift */; };
		6E1FB5D9D9B63E524CDE911B /* ImpostorGuessView.swift in Sources */ = {isa = PBXBuildFile; fileRef = 2D19019135109F2745AD2FAB /* ImpostorGuessView.swift */; };
		778C41E6C8A4FF45FD11E0E4 /* PlayerSetupView.swift in Sources */ = {isa = PBXBuildFile; fileRef = 71E90C55BBA87BE93BA91F61 /* PlayerSetupView.swift */; };
		799B634C180D9AD0CFD5C323 /* WordBombBoomView.swift in Sources */ = {isa = PBXBuildFile; fileRef = 18E9209B55773F1CB775BC4F /* WordBombBoomView.swift */; };
		7F215C5CE52ABEB4051C92E4 /* Player.swift in Sources */ = {isa = PBXBuildFile; fileRef = BB32DC836F593148CDB2E6A3 /* Player.swift */; };
		7FA8AF2E5606FEBEF039EF87 /* RouletteEditView.swift in Sources */ = {isa = PBXBuildFile; fileRef = 0E7C53545CB08F5301DE81A0 /* RouletteEditView.swift */; };
		7FE3DC761B8A13D4E41C8898 /* mostlikelyto_id.json in Resources */ = {isa = PBXBuildFile; fileRef = 7809CC538C27030D73501527 /* mostlikelyto_id.json */; };
		879BE9181CADE54B0798DA32 /* HuddleTypography.swift in Sources */ = {isa = PBXBuildFile; fileRef = E46B546F7FCF36F8EE67136C /* HuddleTypography.swift */; };
		8823549135B4A3424FBA9F16 /* GameResult.swift in Sources */ = {isa = PBXBuildFile; fileRef = 703A6856907591899552682B /* GameResult.swift */; };
		8993E97075C31376EA96DFDD /* HuddleApp.swift in Sources */ = {isa = PBXBuildFile; fileRef = 41006EB5E0CF2CA7A2865B38 /* HuddleApp.swift */; };
		987B354A8CDF20A7B1123B28 /* WordBombSetupView.swift in Sources */ = {isa = PBXBuildFile; fileRef = 2EA069E102D10DE6F91E07DA /* WordBombSetupView.swift */; };
		9988C971321A6BA727134F94 /* ContentView.swift in Sources */ = {isa = PBXBuildFile; fileRef = 1F3584AA35AB0D5894ABE121 /* ContentView.swift */; };
		9A5D900B82628930FD8AA576 /* HubView.swift in Sources */ = {isa = PBXBuildFile; fileRef = 7813F47380AAFBA571BD21E2 /* HubView.swift */; };
		A0ECBA5412115F08BEF5E1F1 /* wordbomb_id.json in Resources */ = {isa = PBXBuildFile; fileRef = 5C30C94D68E88472266820A9 /* wordbomb_id.json */; };
		A2D333BB1D4DF994E154B67C /* RouletteResultView.swift in Sources */ = {isa = PBXBuildFile; fileRef = 80E3C04D668184CBCF66605A /* RouletteResultView.swift */; };
		A35FFB61E0584A19788E7E37 /* impostor_en.json in Resources */ = {isa = PBXBuildFile; fileRef = 53A12A46C3D592472B541844 /* impostor_en.json */; };
		A6D1B09938FA23240F3DC3EB /* WhoAmIGame.swift in Sources */ = {isa = PBXBuildFile; fileRef = 707CE280CBD8E5609C585E9D /* WhoAmIGame.swift */; };
		A87009960715B2CB12452024 /* LocaleManager.swift in Sources */ = {isa = PBXBuildFile; fileRef = 2D3878E7ADFFF40236DFA15F /* LocaleManager.swift */; };
		AF88446C55A4C173512D0D7E /* ImpostorDiscussView.swift in Sources */ = {isa = PBXBuildFile; fileRef = A330CFE468E16B96E400E2A5 /* ImpostorDiscussView.swift */; };
		B0FFC44153C49AC9AEEB1DE5 /* WhoAmIResultView.swift in Sources */ = {isa = PBXBuildFile; fileRef = 016745EEB53B8399B8A646AD /* WhoAmIResultView.swift */; };
		B4867DE9737473E6A9E05571 /* RouletteGame.swift in Sources */ = {isa = PBXBuildFile; fileRef = 554F195BF9CD931B71AD4FFA /* RouletteGame.swift */; };
		BEBB15DA549798F5F2975F06 /* whoami_id.json in Resources */ = {isa = PBXBuildFile; fileRef = F71A14B9B34554EDAB01DDDF /* whoami_id.json */; };
		C3FC280C8612BB9F7EBA5E4F /* WordBombResultView.swift in Sources */ = {isa = PBXBuildFile; fileRef = FBD3B3E1B3E9BF7EA7412346 /* WordBombResultView.swift */; };
		C822E21DB353BA1AD0D40534 /* ImpostorElimRevealView.swift in Sources */ = {isa = PBXBuildFile; fileRef = F486A970AA466FF1F61302CB /* ImpostorElimRevealView.swift */; };
		CC0CE2D6DFD9325AE026B3EA /* WordBombPlayView.swift in Sources */ = {isa = PBXBuildFile; fileRef = 8CA6146552B466A7E2159B51 /* WordBombPlayView.swift */; };
		D01281624BC1618C58BA65AA /* ImpostorResultView.swift in Sources */ = {isa = PBXBuildFile; fileRef = 3B259196AE82673BAA8880D6 /* ImpostorResultView.swift */; };
		D04DF841789B2B60593BEC04 /* ImpostorCoordinator.swift in Sources */ = {isa = PBXBuildFile; fileRef = 5915361CE2021473978E102C /* ImpostorCoordinator.swift */; };
		D0E92F6685A03C7E72196B9D /* PaywallView.swift in Sources */ = {isa = PBXBuildFile; fileRef = 226C305E950D426D83051812 /* PaywallView.swift */; };
		D0EC5C1BD56377FCEF1CDDBA /* impostor_id.json in Resources */ = {isa = PBXBuildFile; fileRef = B69E28D2A9EE5E8EF099D986 /* impostor_id.json */; };
		DB07DBAA03485C26152B70C9 /* MostLikelyToGame.swift in Sources */ = {isa = PBXBuildFile; fileRef = 1DA544751B20A064219ACD5E /* MostLikelyToGame.swift */; };
		DE7D39274E9E958238B88631 /* MostLikelyToCoordinator.swift in Sources */ = {isa = PBXBuildFile; fileRef = 5C62838CB86DB176DCCC5D8E /* MostLikelyToCoordinator.swift */; };
		E2AD0E565D6ECF9C25D3D11D /* WhoAmICoordinator.swift in Sources */ = {isa = PBXBuildFile; fileRef = DE77A096FD954AB5D45912EF /* WhoAmICoordinator.swift */; };
		E3AC91B6338B5E6DE90D3F1A /* MostLikelyToData.swift in Sources */ = {isa = PBXBuildFile; fileRef = DD1FE4DB2EFD7E885EEA09D3 /* MostLikelyToData.swift */; };
		E4CD196A9C5282F940059EAF /* PlayerBadge.swift in Sources */ = {isa = PBXBuildFile; fileRef = D5B6F74F66950356BF6EC96D /* PlayerBadge.swift */; };
		EC538E85FA95AF52690EC231 /* HapticManager.swift in Sources */ = {isa = PBXBuildFile; fileRef = 0C5E1621D6CB4208527AD5F1 /* HapticManager.swift */; };
		EE055505D77133CAE9613A67 /* WhoAmIPlayView.swift in Sources */ = {isa = PBXBuildFile; fileRef = 0DA8E14CF455F8A103E55A35 /* WhoAmIPlayView.swift */; };
		EE58F803910E05D236195717 /* HuddleColors.swift in Sources */ = {isa = PBXBuildFile; fileRef = 74A66745AD122A84ED6569F0 /* HuddleColors.swift */; };
		EF933E5ACD24DDE6E59804F7 /* PlayLimitManager.swift in Sources */ = {isa = PBXBuildFile; fileRef = 594E979C34752A9BB80AE258 /* PlayLimitManager.swift */; };
		F6541B6A373EB290C72B29B3 /* wordbomb_en.json in Resources */ = {isa = PBXBuildFile; fileRef = 7E48C9760266642CA4574E31 /* wordbomb_en.json */; };
		F9DE2B3EB690F333D2CC8ABB /* ImpostorData.swift in Sources */ = {isa = PBXBuildFile; fileRef = EDD8C66D2BDFAC99722703F6 /* ImpostorData.swift */; };
		FCA0437CC31B00B095601213 /* ConfettiView.swift in Sources */ = {isa = PBXBuildFile; fileRef = 77FFB17FD4A07CBDFF99388C /* ConfettiView.swift */; };
		FCB7225147EBF712539D568A /* WordBombGame.swift in Sources */ = {isa = PBXBuildFile; fileRef = B3B35016BCB401BEA5122BB9 /* WordBombGame.swift */; };
		FE09C61BF075927104C6A246 /* mostlikelyto_en.json in Resources */ = {isa = PBXBuildFile; fileRef = 92D92429F4E5DB666B9DC37B /* mostlikelyto_en.json */; };
/* End PBXBuildFile section */

/* Begin PBXFileReference section */
		016745EEB53B8399B8A646AD /* WhoAmIResultView.swift */ = {isa = PBXFileReference; lastKnownFileType = sourcecode.swift; path = WhoAmIResultView.swift; sourceTree = "<group>"; };
		0C5E1621D6CB4208527AD5F1 /* HapticManager.swift */ = {isa = PBXFileReference; lastKnownFileType = sourcecode.swift; path = HapticManager.swift; sourceTree = "<group>"; };
		0DA8E14CF455F8A103E55A35 /* WhoAmIPlayView.swift */ = {isa = PBXFileReference; lastKnownFileType = sourcecode.swift; path = WhoAmIPlayView.swift; sourceTree = "<group>"; };
		0E7C53545CB08F5301DE81A0 /* RouletteEditView.swift */ = {isa = PBXFileReference; lastKnownFileType = sourcecode.swift; path = RouletteEditView.swift; sourceTree = "<group>"; };
		18E9209B55773F1CB775BC4F /* WordBombBoomView.swift */ = {isa = PBXFileReference; lastKnownFileType = sourcecode.swift; path = WordBombBoomView.swift; sourceTree = "<group>"; };
		1B3E939BD0CB71C16DB6FC88 /* WhoAmITurnResultView.swift */ = {isa = PBXFileReference; lastKnownFileType = sourcecode.swift; path = WhoAmITurnResultView.swift; sourceTree = "<group>"; };
		1DA544751B20A064219ACD5E /* MostLikelyToGame.swift */ = {isa = PBXFileReference; lastKnownFileType = sourcecode.swift; path = MostLikelyToGame.swift; sourceTree = "<group>"; };
		1F3584AA35AB0D5894ABE121 /* ContentView.swift */ = {isa = PBXFileReference; lastKnownFileType = sourcecode.swift; path = ContentView.swift; sourceTree = "<group>"; };
		226C305E950D426D83051812 /* PaywallView.swift */ = {isa = PBXFileReference; lastKnownFileType = sourcecode.swift; path = PaywallView.swift; sourceTree = "<group>"; };
		2D19019135109F2745AD2FAB /* ImpostorGuessView.swift */ = {isa = PBXFileReference; lastKnownFileType = sourcecode.swift; path = ImpostorGuessView.swift; sourceTree = "<group>"; };
		2D3878E7ADFFF40236DFA15F /* LocaleManager.swift */ = {isa = PBXFileReference; lastKnownFileType = sourcecode.swift; path = LocaleManager.swift; sourceTree = "<group>"; };
		2EA069E102D10DE6F91E07DA /* WordBombSetupView.swift */ = {isa = PBXFileReference; lastKnownFileType = sourcecode.swift; path = WordBombSetupView.swift; sourceTree = "<group>"; };
		37AAA83CEF2397FE0B65649E /* GameDefinition.swift */ = {isa = PBXFileReference; lastKnownFileType = sourcecode.swift; path = GameDefinition.swift; sourceTree = "<group>"; };
		3B259196AE82673BAA8880D6 /* ImpostorResultView.swift */ = {isa = PBXFileReference; lastKnownFileType = sourcecode.swift; path = ImpostorResultView.swift; sourceTree = "<group>"; };
		3C71D0EEA640B882AD5CE2C0 /* PassScreen.swift */ = {isa = PBXFileReference; lastKnownFileType = sourcecode.swift; path = PassScreen.swift; sourceTree = "<group>"; };
		3E0D44900EFB6A9A25FA7516 /* WordBombCoordinator.swift */ = {isa = PBXFileReference; lastKnownFileType = sourcecode.swift; path = WordBombCoordinator.swift; sourceTree = "<group>"; };
		41006EB5E0CF2CA7A2865B38 /* HuddleApp.swift */ = {isa = PBXFileReference; lastKnownFileType = sourcecode.swift; path = HuddleApp.swift; sourceTree = "<group>"; };
		453D0189FA2BEE9FCA74CE05 /* WhoAmISetupView.swift */ = {isa = PBXFileReference; lastKnownFileType = sourcecode.swift; path = WhoAmISetupView.swift; sourceTree = "<group>"; };
		53A12A46C3D592472B541844 /* impostor_en.json */ = {isa = PBXFileReference; lastKnownFileType = text.json; path = impostor_en.json; sourceTree = "<group>"; };
		554F195BF9CD931B71AD4FFA /* RouletteGame.swift */ = {isa = PBXFileReference; lastKnownFileType = sourcecode.swift; path = RouletteGame.swift; sourceTree = "<group>"; };
		5915361CE2021473978E102C /* ImpostorCoordinator.swift */ = {isa = PBXFileReference; lastKnownFileType = sourcecode.swift; path = ImpostorCoordinator.swift; sourceTree = "<group>"; };
		594E979C34752A9BB80AE258 /* PlayLimitManager.swift */ = {isa = PBXFileReference; lastKnownFileType = sourcecode.swift; path = PlayLimitManager.swift; sourceTree = "<group>"; };
		5C30C94D68E88472266820A9 /* wordbomb_id.json */ = {isa = PBXFileReference; lastKnownFileType = text.json; path = wordbomb_id.json; sourceTree = "<group>"; };
		5C62838CB86DB176DCCC5D8E /* MostLikelyToCoordinator.swift */ = {isa = PBXFileReference; lastKnownFileType = sourcecode.swift; path = MostLikelyToCoordinator.swift; sourceTree = "<group>"; };
		5D00BD9B4CE99E023886D9BB /* RouletteWheelView.swift */ = {isa = PBXFileReference; lastKnownFileType = sourcecode.swift; path = RouletteWheelView.swift; sourceTree = "<group>"; };
		62A31AA0CE83F31B59E48978 /* whoami_en.json */ = {isa = PBXFileReference; lastKnownFileType = text.json; path = whoami_en.json; sourceTree = "<group>"; };
		62FDAB0E12EC463C4C14AA4B /* MostLikelyToResultView.swift */ = {isa = PBXFileReference; lastKnownFileType = sourcecode.swift; path = MostLikelyToResultView.swift; sourceTree = "<group>"; };
		6A9825CE8FC8FD3612224701 /* SettingsView.swift */ = {isa = PBXFileReference; lastKnownFileType = sourcecode.swift; path = SettingsView.swift; sourceTree = "<group>"; };
		703A6856907591899552682B /* GameResult.swift */ = {isa = PBXFileReference; lastKnownFileType = sourcecode.swift; path = GameResult.swift; sourceTree = "<group>"; };
		707CE280CBD8E5609C585E9D /* WhoAmIGame.swift */ = {isa = PBXFileReference; lastKnownFileType = sourcecode.swift; path = WhoAmIGame.swift; sourceTree = "<group>"; };
		70CFB486F0376C3C5CAABAB1 /* AppState.swift */ = {isa = PBXFileReference; lastKnownFileType = sourcecode.swift; path = AppState.swift; sourceTree = "<group>"; };
		71E90C55BBA87BE93BA91F61 /* PlayerSetupView.swift */ = {isa = PBXFileReference; lastKnownFileType = sourcecode.swift; path = PlayerSetupView.swift; sourceTree = "<group>"; };
		74A66745AD122A84ED6569F0 /* HuddleColors.swift */ = {isa = PBXFileReference; lastKnownFileType = sourcecode.swift; path = HuddleColors.swift; sourceTree = "<group>"; };
		77FFB17FD4A07CBDFF99388C /* ConfettiView.swift */ = {isa = PBXFileReference; lastKnownFileType = sourcecode.swift; path = ConfettiView.swift; sourceTree = "<group>"; };
		7809CC538C27030D73501527 /* mostlikelyto_id.json */ = {isa = PBXFileReference; lastKnownFileType = text.json; path = mostlikelyto_id.json; sourceTree = "<group>"; };
		7813F47380AAFBA571BD21E2 /* HubView.swift */ = {isa = PBXFileReference; lastKnownFileType = sourcecode.swift; path = HubView.swift; sourceTree = "<group>"; };
		7E48C9760266642CA4574E31 /* wordbomb_en.json */ = {isa = PBXFileReference; lastKnownFileType = text.json; path = wordbomb_en.json; sourceTree = "<group>"; };
		80E3C04D668184CBCF66605A /* RouletteResultView.swift */ = {isa = PBXFileReference; lastKnownFileType = sourcecode.swift; path = RouletteResultView.swift; sourceTree = "<group>"; };
		834D8CC3F48E706124469687 /* RouletteCoordinator.swift */ = {isa = PBXFileReference; lastKnownFileType = sourcecode.swift; path = RouletteCoordinator.swift; sourceTree = "<group>"; };
		83A94367943E8C9B61F1E551 /* WhoAmIPassView.swift */ = {isa = PBXFileReference; lastKnownFileType = sourcecode.swift; path = WhoAmIPassView.swift; sourceTree = "<group>"; };
		8C236ED642335486CCD4FC20 /* WhoAmIData.swift */ = {isa = PBXFileReference; lastKnownFileType = sourcecode.swift; path = WhoAmIData.swift; sourceTree = "<group>"; };
		8CA6146552B466A7E2159B51 /* WordBombPlayView.swift */ = {isa = PBXFileReference; lastKnownFileType = sourcecode.swift; path = WordBombPlayView.swift; sourceTree = "<group>"; };
		8EDCE1F6A6F3ED4C9747835E /* ImpostorGame.swift */ = {isa = PBXFileReference; lastKnownFileType = sourcecode.swift; path = ImpostorGame.swift; sourceTree = "<group>"; };
		8FCEDA16394F1F3A0AB78884 /* NeonCard.swift */ = {isa = PBXFileReference; lastKnownFileType = sourcecode.swift; path = NeonCard.swift; sourceTree = "<group>"; };
		92D92429F4E5DB666B9DC37B /* mostlikelyto_en.json */ = {isa = PBXFileReference; lastKnownFileType = text.json; path = mostlikelyto_en.json; sourceTree = "<group>"; };
		933A19223F6587440912A2D8 /* ImpostorSetupView.swift */ = {isa = PBXFileReference; lastKnownFileType = sourcecode.swift; path = ImpostorSetupView.swift; sourceTree = "<group>"; };
		A330CFE468E16B96E400E2A5 /* ImpostorDiscussView.swift */ = {isa = PBXFileReference; lastKnownFileType = sourcecode.swift; path = ImpostorDiscussView.swift; sourceTree = "<group>"; };
		A3EFF12CE41ED96B538E4A93 /* ImpostorVoteView.swift */ = {isa = PBXFileReference; lastKnownFileType = sourcecode.swift; path = ImpostorVoteView.swift; sourceTree = "<group>"; };
		A43BFA3E7A53F6392EDA9D69 /* WordBombPassView.swift */ = {isa = PBXFileReference; lastKnownFileType = sourcecode.swift; path = WordBombPassView.swift; sourceTree = "<group>"; };
		A949A1FE1F80D77AB793D96F /* MostLikelyToVoteView.swift */ = {isa = PBXFileReference; lastKnownFileType = sourcecode.swift; path = MostLikelyToVoteView.swift; sourceTree = "<group>"; };
		B3B35016BCB401BEA5122BB9 /* WordBombGame.swift */ = {isa = PBXFileReference; lastKnownFileType = sourcecode.swift; path = WordBombGame.swift; sourceTree = "<group>"; };
		B4DDF90CC922854E86F61D19 /* GlowButton.swift */ = {isa = PBXFileReference; lastKnownFileType = sourcecode.swift; path = GlowButton.swift; sourceTree = "<group>"; };
		B5314861184126B5BC43C3B2 /* TimerRing.swift */ = {isa = PBXFileReference; lastKnownFileType = sourcecode.swift; path = TimerRing.swift; sourceTree = "<group>"; };
		B57570D26DA5FBF1624A4959 /* WordBombData.swift */ = {isa = PBXFileReference; lastKnownFileType = sourcecode.swift; path = WordBombData.swift; sourceTree = "<group>"; };
		B69E28D2A9EE5E8EF099D986 /* impostor_id.json */ = {isa = PBXFileReference; lastKnownFileType = text.json; path = impostor_id.json; sourceTree = "<group>"; };
		BB32DC836F593148CDB2E6A3 /* Player.swift */ = {isa = PBXFileReference; lastKnownFileType = sourcecode.swift; path = Player.swift; sourceTree = "<group>"; };
		C34EFA029CE48FECE72A1A42 /* MostLikelyToSetupView.swift */ = {isa = PBXFileReference; lastKnownFileType = sourcecode.swift; path = MostLikelyToSetupView.swift; sourceTree = "<group>"; };
		C5DE3FAFCFF28BD268BFE1D3 /* MostLikelyToQuestionView.swift */ = {isa = PBXFileReference; lastKnownFileType = sourcecode.swift; path = MostLikelyToQuestionView.swift; sourceTree = "<group>"; };
		C74D50C85F3C50F0B37E6ABD /* Huddle.app */ = {isa = PBXFileReference; includeInIndex = 0; lastKnownFileType = wrapper.application; path = Huddle.app; sourceTree = BUILT_PRODUCTS_DIR; };
		D37DAC3B0760C2F92BC84360 /* ImpostorRevealView.swift */ = {isa = PBXFileReference; lastKnownFileType = sourcecode.swift; path = ImpostorRevealView.swift; sourceTree = "<group>"; };
		D5B6F74F66950356BF6EC96D /* PlayerBadge.swift */ = {isa = PBXFileReference; lastKnownFileType = sourcecode.swift; path = PlayerBadge.swift; sourceTree = "<group>"; };
		DD1FE4DB2EFD7E885EEA09D3 /* MostLikelyToData.swift */ = {isa = PBXFileReference; lastKnownFileType = sourcecode.swift; path = MostLikelyToData.swift; sourceTree = "<group>"; };
		DE77A096FD954AB5D45912EF /* WhoAmICoordinator.swift */ = {isa = PBXFileReference; lastKnownFileType = sourcecode.swift; path = WhoAmICoordinator.swift; sourceTree = "<group>"; };
		E46B546F7FCF36F8EE67136C /* HuddleTypography.swift */ = {isa = PBXFileReference; lastKnownFileType = sourcecode.swift; path = HuddleTypography.swift; sourceTree = "<group>"; };
		EDD8C66D2BDFAC99722703F6 /* ImpostorData.swift */ = {isa = PBXFileReference; lastKnownFileType = sourcecode.swift; path = ImpostorData.swift; sourceTree = "<group>"; };
		F486A970AA466FF1F61302CB /* ImpostorElimRevealView.swift */ = {isa = PBXFileReference; lastKnownFileType = sourcecode.swift; path = ImpostorElimRevealView.swift; sourceTree = "<group>"; };
		F71A14B9B34554EDAB01DDDF /* whoami_id.json */ = {isa = PBXFileReference; lastKnownFileType = text.json; path = whoami_id.json; sourceTree = "<group>"; };
		F730C4325D0E7D2D377D5726 /* MostLikelyToRevealView.swift */ = {isa = PBXFileReference; lastKnownFileType = sourcecode.swift; path = MostLikelyToRevealView.swift; sourceTree = "<group>"; };
		FBD3B3E1B3E9BF7EA7412346 /* WordBombResultView.swift */ = {isa = PBXFileReference; lastKnownFileType = sourcecode.swift; path = WordBombResultView.swift; sourceTree = "<group>"; };
/* End PBXFileReference section */

/* Begin PBXGroup section */
		044EC3420A0E166AA3890BC4 /* Resources */ = {
			isa = PBXGroup;
			children = (
				BB897337E058940E87E0E48A /* WordData */,
			);
			path = Resources;
			sourceTree = "<group>";
		};
		0456C5E228EE2D5F2D8C672C /* Views */ = {
			isa = PBXGroup;
			children = (
				A330CFE468E16B96E400E2A5 /* ImpostorDiscussView.swift */,
				F486A970AA466FF1F61302CB /* ImpostorElimRevealView.swift */,
				2D19019135109F2745AD2FAB /* ImpostorGuessView.swift */,
				3B259196AE82673BAA8880D6 /* ImpostorResultView.swift */,
				D37DAC3B0760C2F92BC84360 /* ImpostorRevealView.swift */,
				933A19223F6587440912A2D8 /* ImpostorSetupView.swift */,
				A3EFF12CE41ED96B538E4A93 /* ImpostorVoteView.swift */,
			);
			path = Views;
			sourceTree = "<group>";
		};
		1E560515E4713ABE5A981FA5 /* DesignSystem */ = {
			isa = PBXGroup;
			children = (
				74A66745AD122A84ED6569F0 /* HuddleColors.swift */,
				E46B546F7FCF36F8EE67136C /* HuddleTypography.swift */,
				891454D4169CB727E43F2131 /* Components */,
			);
			path = DesignSystem;
			sourceTree = "<group>";
		};
		2DF37CD540B395996A4B9D6E /* Localization */ = {
			isa = PBXGroup;
			children = (
				2D3878E7ADFFF40236DFA15F /* LocaleManager.swift */,
			);
			path = Localization;
			sourceTree = "<group>";
		};
		37CC26ED76478AB6BF5EF2C9 /* PlayerSetup */ = {
			isa = PBXGroup;
			children = (
				71E90C55BBA87BE93BA91F61 /* PlayerSetupView.swift */,
			);
			path = PlayerSetup;
			sourceTree = "<group>";
		};
		3AC476D8AD3C2001961D3150 /* Impostor */ = {
			isa = PBXGroup;
			children = (
				5915361CE2021473978E102C /* ImpostorCoordinator.swift */,
				EDD8C66D2BDFAC99722703F6 /* ImpostorData.swift */,
				8EDCE1F6A6F3ED4C9747835E /* ImpostorGame.swift */,
				0456C5E228EE2D5F2D8C672C /* Views */,
			);
			path = Impostor;
			sourceTree = "<group>";
		};
		503399F40534E28C6ED35BEE /* Features */ = {
			isa = PBXGroup;
			children = (
				AB7CD03FBDCC472B9B424306 /* Hub */,
				3AC476D8AD3C2001961D3150 /* Impostor */,
				7CA0D7822949FF3930785A24 /* MostLikelyTo */,
				37CC26ED76478AB6BF5EF2C9 /* PlayerSetup */,
				E294E5FE878042C99E4BF341 /* Roulette */,
				AA5CE31CE9F8E63DDA8DDC0C /* Settings */,
				E76322AF77D606B724612F89 /* WhoAmI */,
				8746038DC1D91ECD047BA1C9 /* WordBomb */,
			);
			path = Features;
			sourceTree = "<group>";
		};
		5A56088FA0FF3C736EC5CF9C /* Models */ = {
			isa = PBXGroup;
			children = (
				37AAA83CEF2397FE0B65649E /* GameDefinition.swift */,
				703A6856907591899552682B /* GameResult.swift */,
				BB32DC836F593148CDB2E6A3 /* Player.swift */,
			);
			path = Models;
			sourceTree = "<group>";
		};
		66D24B705523B6166D34658C /* Products */ = {
			isa = PBXGroup;
			children = (
				C74D50C85F3C50F0B37E6ABD /* Huddle.app */,
			);
			name = Products;
			sourceTree = "<group>";
		};
		7CA0D7822949FF3930785A24 /* MostLikelyTo */ = {
			isa = PBXGroup;
			children = (
				5C62838CB86DB176DCCC5D8E /* MostLikelyToCoordinator.swift */,
				DD1FE4DB2EFD7E885EEA09D3 /* MostLikelyToData.swift */,
				1DA544751B20A064219ACD5E /* MostLikelyToGame.swift */,
				B74490E7B5EE080D5ADCF46E /* Views */,
			);
			path = MostLikelyTo;
			sourceTree = "<group>";
		};
		7CD65EC3DB4191544D26A7F7 /* Views */ = {
			isa = PBXGroup;
			children = (
				0E7C53545CB08F5301DE81A0 /* RouletteEditView.swift */,
				80E3C04D668184CBCF66605A /* RouletteResultView.swift */,
				5D00BD9B4CE99E023886D9BB /* RouletteWheelView.swift */,
			);
			path = Views;
			sourceTree = "<group>";
		};
		8746038DC1D91ECD047BA1C9 /* WordBomb */ = {
			isa = PBXGroup;
			children = (
				3E0D44900EFB6A9A25FA7516 /* WordBombCoordinator.swift */,
				B57570D26DA5FBF1624A4959 /* WordBombData.swift */,
				B3B35016BCB401BEA5122BB9 /* WordBombGame.swift */,
				D5FDB6ECC7FC2187AAE114CA /* Views */,
			);
			path = WordBomb;
			sourceTree = "<group>";
		};
		8835D02DF737CCC4612F3A33 /* Services */ = {
			isa = PBXGroup;
			children = (
				0C5E1621D6CB4208527AD5F1 /* HapticManager.swift */,
				594E979C34752A9BB80AE258 /* PlayLimitManager.swift */,
			);
			path = Services;
			sourceTree = "<group>";
		};
		891454D4169CB727E43F2131 /* Components */ = {
			isa = PBXGroup;
			children = (
				77FFB17FD4A07CBDFF99388C /* ConfettiView.swift */,
				B4DDF90CC922854E86F61D19 /* GlowButton.swift */,
				8FCEDA16394F1F3A0AB78884 /* NeonCard.swift */,
				3C71D0EEA640B882AD5CE2C0 /* PassScreen.swift */,
				226C305E950D426D83051812 /* PaywallView.swift */,
				D5B6F74F66950356BF6EC96D /* PlayerBadge.swift */,
				B5314861184126B5BC43C3B2 /* TimerRing.swift */,
			);
			path = Components;
			sourceTree = "<group>";
		};
		90B81F83A7BACBF2C83A5AFC = {
			isa = PBXGroup;
			children = (
				A3225D5FBB0420D6B78D2731 /* Huddle */,
				66D24B705523B6166D34658C /* Products */,
			);
			sourceTree = "<group>";
		};
		9DFB967326B8DD01574D44B1 /* Core */ = {
			isa = PBXGroup;
			children = (
				1E560515E4713ABE5A981FA5 /* DesignSystem */,
				2DF37CD540B395996A4B9D6E /* Localization */,
				5A56088FA0FF3C736EC5CF9C /* Models */,
				8835D02DF737CCC4612F3A33 /* Services */,
			);
			path = Core;
			sourceTree = "<group>";
		};
		A3225D5FBB0420D6B78D2731 /* Huddle */ = {
			isa = PBXGroup;
			children = (
				B1AD5F6F4BA4C62BFB0BD9C7 /* App */,
				9DFB967326B8DD01574D44B1 /* Core */,
				503399F40534E28C6ED35BEE /* Features */,
				044EC3420A0E166AA3890BC4 /* Resources */,
			);
			path = Huddle;
			sourceTree = "<group>";
		};
		AA5CE31CE9F8E63DDA8DDC0C /* Settings */ = {
			isa = PBXGroup;
			children = (
				6A9825CE8FC8FD3612224701 /* SettingsView.swift */,
			);
			path = Settings;
			sourceTree = "<group>";
		};
		AB7CD03FBDCC472B9B424306 /* Hub */ = {
			isa = PBXGroup;
			children = (
				7813F47380AAFBA571BD21E2 /* HubView.swift */,
			);
			path = Hub;
			sourceTree = "<group>";
		};
		B1AD5F6F4BA4C62BFB0BD9C7 /* App */ = {
			isa = PBXGroup;
			children = (
				70CFB486F0376C3C5CAABAB1 /* AppState.swift */,
				1F3584AA35AB0D5894ABE121 /* ContentView.swift */,
				41006EB5E0CF2CA7A2865B38 /* HuddleApp.swift */,
			);
			path = App;
			sourceTree = "<group>";
		};
		B74490E7B5EE080D5ADCF46E /* Views */ = {
			isa = PBXGroup;
			children = (
				C5DE3FAFCFF28BD268BFE1D3 /* MostLikelyToQuestionView.swift */,
				62FDAB0E12EC463C4C14AA4B /* MostLikelyToResultView.swift */,
				F730C4325D0E7D2D377D5726 /* MostLikelyToRevealView.swift */,
				C34EFA029CE48FECE72A1A42 /* MostLikelyToSetupView.swift */,
				A949A1FE1F80D77AB793D96F /* MostLikelyToVoteView.swift */,
			);
			path = Views;
			sourceTree = "<group>";
		};
		BB897337E058940E87E0E48A /* WordData */ = {
			isa = PBXGroup;
			children = (
				53A12A46C3D592472B541844 /* impostor_en.json */,
				B69E28D2A9EE5E8EF099D986 /* impostor_id.json */,
				92D92429F4E5DB666B9DC37B /* mostlikelyto_en.json */,
				7809CC538C27030D73501527 /* mostlikelyto_id.json */,
				62A31AA0CE83F31B59E48978 /* whoami_en.json */,
				F71A14B9B34554EDAB01DDDF /* whoami_id.json */,
				7E48C9760266642CA4574E31 /* wordbomb_en.json */,
				5C30C94D68E88472266820A9 /* wordbomb_id.json */,
			);
			path = WordData;
			sourceTree = "<group>";
		};
		D2A5B168883456EC965B8468 /* Views */ = {
			isa = PBXGroup;
			children = (
				83A94367943E8C9B61F1E551 /* WhoAmIPassView.swift */,
				0DA8E14CF455F8A103E55A35 /* WhoAmIPlayView.swift */,
				016745EEB53B8399B8A646AD /* WhoAmIResultView.swift */,
				453D0189FA2BEE9FCA74CE05 /* WhoAmISetupView.swift */,
				1B3E939BD0CB71C16DB6FC88 /* WhoAmITurnResultView.swift */,
			);
			path = Views;
			sourceTree = "<group>";
		};
		D5FDB6ECC7FC2187AAE114CA /* Views */ = {
			isa = PBXGroup;
			children = (
				18E9209B55773F1CB775BC4F /* WordBombBoomView.swift */,
				A43BFA3E7A53F6392EDA9D69 /* WordBombPassView.swift */,
				8CA6146552B466A7E2159B51 /* WordBombPlayView.swift */,
				FBD3B3E1B3E9BF7EA7412346 /* WordBombResultView.swift */,
				2EA069E102D10DE6F91E07DA /* WordBombSetupView.swift */,
			);
			path = Views;
			sourceTree = "<group>";
		};
		E294E5FE878042C99E4BF341 /* Roulette */ = {
			isa = PBXGroup;
			children = (
				834D8CC3F48E706124469687 /* RouletteCoordinator.swift */,
				554F195BF9CD931B71AD4FFA /* RouletteGame.swift */,
				7CD65EC3DB4191544D26A7F7 /* Views */,
			);
			path = Roulette;
			sourceTree = "<group>";
		};
		E76322AF77D606B724612F89 /* WhoAmI */ = {
			isa = PBXGroup;
			children = (
				DE77A096FD954AB5D45912EF /* WhoAmICoordinator.swift */,
				8C236ED642335486CCD4FC20 /* WhoAmIData.swift */,
				707CE280CBD8E5609C585E9D /* WhoAmIGame.swift */,
				D2A5B168883456EC965B8468 /* Views */,
			);
			path = WhoAmI;
			sourceTree = "<group>";
		};
/* End PBXGroup section */

/* Begin PBXNativeTarget section */
		FCC2903B5D889374727480B3 /* Huddle */ = {
			isa = PBXNativeTarget;
			buildConfigurationList = BC56CAE6EF2115A1FB2EC101 /* Build configuration list for PBXNativeTarget "Huddle" */;
			buildPhases = (
				E98ECB2CDE0A7405C62AB6E1 /* Sources */,
				7EC6469C848120E9F3C5B94C /* Resources */,
			);
			buildRules = (
			);
			dependencies = (
			);
			name = Huddle;
			packageProductDependencies = (
			);
			productName = Huddle;
			productReference = C74D50C85F3C50F0B37E6ABD /* Huddle.app */;
			productType = "com.apple.product-type.application";
		};
/* End PBXNativeTarget section */

/* Begin PBXProject section */
		8B65DB3BE6904A4C58091FB8 /* Project object */ = {
			isa = PBXProject;
			attributes = {
				BuildIndependentTargetsInParallel = YES;
				LastUpgradeCheck = 1430;
			};
			buildConfigurationList = 6A53EC980C194441F9EED2EF /* Build configuration list for PBXProject "Huddle" */;
			compatibilityVersion = "Xcode 14.0";
			developmentRegion = en;
			hasScannedForEncodings = 0;
			knownRegions = (
				Base,
				en,
			);
			mainGroup = 90B81F83A7BACBF2C83A5AFC;
			minimizedProjectReferenceProxies = 1;
			preferredProjectObjectVersion = 77;
			projectDirPath = "";
			projectRoot = "";
			targets = (
				FCC2903B5D889374727480B3 /* Huddle */,
			);
		};
/* End PBXProject section */

/* Begin PBXResourcesBuildPhase section */
		7EC6469C848120E9F3C5B94C /* Resources */ = {
			isa = PBXResourcesBuildPhase;
			buildActionMask = 2147483647;
			files = (
				A35FFB61E0584A19788E7E37 /* impostor_en.json in Resources */,
				D0EC5C1BD56377FCEF1CDDBA /* impostor_id.json in Resources */,
				FE09C61BF075927104C6A246 /* mostlikelyto_en.json in Resources */,
				7FE3DC761B8A13D4E41C8898 /* mostlikelyto_id.json in Resources */,
				471714172F0F5E3A9D057FB6 /* whoami_en.json in Resources */,
				BEBB15DA549798F5F2975F06 /* whoami_id.json in Resources */,
				F6541B6A373EB290C72B29B3 /* wordbomb_en.json in Resources */,
				A0ECBA5412115F08BEF5E1F1 /* wordbomb_id.json in Resources */,
			);
			runOnlyForDeploymentPostprocessing = 0;
		};
/* End PBXResourcesBuildPhase section */

/* Begin PBXSourcesBuildPhase section */
		E98ECB2CDE0A7405C62AB6E1 /* Sources */ = {
			isa = PBXSourcesBuildPhase;
			buildActionMask = 2147483647;
			files = (
				092D66A26164A51249895123 /* AppState.swift in Sources */,
				FCA0437CC31B00B095601213 /* ConfettiView.swift in Sources */,
				9988C971321A6BA727134F94 /* ContentView.swift in Sources */,
				15AE4CA01EE2D586DCB6EE10 /* GameDefinition.swift in Sources */,
				8823549135B4A3424FBA9F16 /* GameResult.swift in Sources */,
				43F803B089FC18B0E211AF73 /* GlowButton.swift in Sources */,
				EC538E85FA95AF52690EC231 /* HapticManager.swift in Sources */,
				9A5D900B82628930FD8AA576 /* HubView.swift in Sources */,
				8993E97075C31376EA96DFDD /* HuddleApp.swift in Sources */,
				EE58F803910E05D236195717 /* HuddleColors.swift in Sources */,
				879BE9181CADE54B0798DA32 /* HuddleTypography.swift in Sources */,
				D04DF841789B2B60593BEC04 /* ImpostorCoordinator.swift in Sources */,
				F9DE2B3EB690F333D2CC8ABB /* ImpostorData.swift in Sources */,
				AF88446C55A4C173512D0D7E /* ImpostorDiscussView.swift in Sources */,
				C822E21DB353BA1AD0D40534 /* ImpostorElimRevealView.swift in Sources */,
				6CB128BCCDCECCF638B9303B /* ImpostorGame.swift in Sources */,
				6E1FB5D9D9B63E524CDE911B /* ImpostorGuessView.swift in Sources */,
				D01281624BC1618C58BA65AA /* ImpostorResultView.swift in Sources */,
				25B60ABF587E71425CAD29C0 /* ImpostorRevealView.swift in Sources */,
				3F198E19DA29964928D821A1 /* ImpostorSetupView.swift in Sources */,
				0477D02CC61C969BEACF71B6 /* ImpostorVoteView.swift in Sources */,
				A87009960715B2CB12452024 /* LocaleManager.swift in Sources */,
				DE7D39274E9E958238B88631 /* MostLikelyToCoordinator.swift in Sources */,
				E3AC91B6338B5E6DE90D3F1A /* MostLikelyToData.swift in Sources */,
				DB07DBAA03485C26152B70C9 /* MostLikelyToGame.swift in Sources */,
				5D7B57C80ED8BBA8DA4F5EAF /* MostLikelyToQuestionView.swift in Sources */,
				15D9FD3C02965F73370D49A1 /* MostLikelyToResultView.swift in Sources */,
				518C71303DBD0908936690B8 /* MostLikelyToRevealView.swift in Sources */,
				2AABFE6F69572664BECB812C /* MostLikelyToSetupView.swift in Sources */,
				1E2236996139376E3A40BF11 /* MostLikelyToVoteView.swift in Sources */,
				66BE36348884B2E45776E929 /* NeonCard.swift in Sources */,
				2FD61F0C2E1B294AEA4863ED /* PassScreen.swift in Sources */,
				D0E92F6685A03C7E72196B9D /* PaywallView.swift in Sources */,
				EF933E5ACD24DDE6E59804F7 /* PlayLimitManager.swift in Sources */,
				7F215C5CE52ABEB4051C92E4 /* Player.swift in Sources */,
				E4CD196A9C5282F940059EAF /* PlayerBadge.swift in Sources */,
				778C41E6C8A4FF45FD11E0E4 /* PlayerSetupView.swift in Sources */,
				1824CE315DA99DDC0F14C96E /* RouletteCoordinator.swift in Sources */,
				7FA8AF2E5606FEBEF039EF87 /* RouletteEditView.swift in Sources */,
				B4867DE9737473E6A9E05571 /* RouletteGame.swift in Sources */,
				A2D333BB1D4DF994E154B67C /* RouletteResultView.swift in Sources */,
				64155FA2B0B2E8B00500E5CB /* RouletteWheelView.swift in Sources */,
				3F82AA6690DAB2F75FD1E74E /* SettingsView.swift in Sources */,
				27E8A92FE449504A9BF31F30 /* TimerRing.swift in Sources */,
				E2AD0E565D6ECF9C25D3D11D /* WhoAmICoordinator.swift in Sources */,
				0BB32DB11DDEFDAD719D882E /* WhoAmIData.swift in Sources */,
				A6D1B09938FA23240F3DC3EB /* WhoAmIGame.swift in Sources */,
				4FFF07FCE7E6A3B3347067B4 /* WhoAmIPassView.swift in Sources */,
				EE055505D77133CAE9613A67 /* WhoAmIPlayView.swift in Sources */,
				B0FFC44153C49AC9AEEB1DE5 /* WhoAmIResultView.swift in Sources */,
				395623D5E8EE4D07588E1E96 /* WhoAmISetupView.swift in Sources */,
				56EAF62AD2E84986B9D66A01 /* WhoAmITurnResultView.swift in Sources */,
				799B634C180D9AD0CFD5C323 /* WordBombBoomView.swift in Sources */,
				0551644BD8BD9DDD31D4471B /* WordBombCoordinator.swift in Sources */,
				11BFCF26338119DF2F23310A /* WordBombData.swift in Sources */,
				FCB7225147EBF712539D568A /* WordBombGame.swift in Sources */,
				4EDC1D8408781F03586A8501 /* WordBombPassView.swift in Sources */,
				CC0CE2D6DFD9325AE026B3EA /* WordBombPlayView.swift in Sources */,
				C3FC280C8612BB9F7EBA5E4F /* WordBombResultView.swift in Sources */,
				987B354A8CDF20A7B1123B28 /* WordBombSetupView.swift in Sources */,
			);
			runOnlyForDeploymentPostprocessing = 0;
		};
/* End PBXSourcesBuildPhase section */

/* Begin XCBuildConfiguration section */
		11345479E9CD4D92E6CFF0DE /* Release */ = {
			isa = XCBuildConfiguration;
			buildSettings = {
				ALWAYS_SEARCH_USER_PATHS = NO;
				CLANG_ANALYZER_NONNULL = YES;
				CLANG_ANALYZER_NUMBER_OBJECT_CONVERSION = YES_AGGRESSIVE;
				CLANG_CXX_LANGUAGE_STANDARD = "gnu++14";
				CLANG_CXX_LIBRARY = "libc++";
				CLANG_ENABLE_MODULES = YES;
				CLANG_ENABLE_OBJC_ARC = YES;
				CLANG_ENABLE_OBJC_WEAK = YES;
				CLANG_WARN_BLOCK_CAPTURE_AUTORELEASING = YES;
				CLANG_WARN_BOOL_CONVERSION = YES;
				CLANG_WARN_COMMA = YES;
				CLANG_WARN_CONSTANT_CONVERSION = YES;
				CLANG_WARN_DEPRECATED_OBJC_IMPLEMENTATIONS = YES;
				CLANG_WARN_DIRECT_OBJC_ISA_USAGE = YES_ERROR;
				CLANG_WARN_DOCUMENTATION_COMMENTS = YES;
				CLANG_WARN_EMPTY_BODY = YES;
				CLANG_WARN_ENUM_CONVERSION = YES;
				CLANG_WARN_INFINITE_RECURSION = YES;
				CLANG_WARN_INT_CONVERSION = YES;
				CLANG_WARN_NON_LITERAL_NULL_CONVERSION = YES;
				CLANG_WARN_OBJC_IMPLICIT_RETAIN_SELF = YES;
				CLANG_WARN_OBJC_LITERAL_CONVERSION = YES;
				CLANG_WARN_OBJC_ROOT_CLASS = YES_ERROR;
				CLANG_WARN_QUOTED_INCLUDE_IN_FRAMEWORK_HEADER = YES;
				CLANG_WARN_RANGE_LOOP_ANALYSIS = YES;
				CLANG_WARN_STRICT_PROTOTYPES = YES;
				CLANG_WARN_SUSPICIOUS_MOVE = YES;
				CLANG_WARN_UNGUARDED_AVAILABILITY = YES_AGGRESSIVE;
				CLANG_WARN_UNREACHABLE_CODE = YES;
				CLANG_WARN__DUPLICATE_METHOD_MATCH = YES;
				COPY_PHASE_STRIP = NO;
				DEBUG_INFORMATION_FORMAT = "dwarf-with-dsym";
				ENABLE_NS_ASSERTIONS = NO;
				ENABLE_STRICT_OBJC_MSGSEND = YES;
				GCC_C_LANGUAGE_STANDARD = gnu11;
				GCC_NO_COMMON_BLOCKS = YES;
				GCC_WARN_64_TO_32_BIT_CONVERSION = YES;
				GCC_WARN_ABOUT_RETURN_TYPE = YES_ERROR;
				GCC_WARN_UNDECLARED_SELECTOR = YES;
				GCC_WARN_UNINITIALIZED_AUTOS = YES_AGGRESSIVE;
				GCC_WARN_UNUSED_FUNCTION = YES;
				GCC_WARN_UNUSED_VARIABLE = YES;
				IPHONEOS_DEPLOYMENT_TARGET = 17.0;
				MTL_ENABLE_DEBUG_INFO = NO;
				MTL_FAST_MATH = YES;
				PRODUCT_NAME = "$(TARGET_NAME)";
				SDKROOT = iphoneos;
				SWIFT_COMPILATION_MODE = wholemodule;
				SWIFT_OPTIMIZATION_LEVEL = "-O";
				SWIFT_VERSION = 6;
			};
			name = Release;
		};
		1F2C853008BB28B42829782F /* Debug */ = {
			isa = XCBuildConfiguration;
			buildSettings = {
				ASSETCATALOG_COMPILER_APPICON_NAME = AppIcon;
				CODE_SIGN_IDENTITY = "iPhone Developer";
				CURRENT_PROJECT_VERSION = 1;
				GENERATE_INFOPLIST_FILE = YES;
				INFOPLIST_KEY_UIApplicationSceneManifest_Generation = YES;
				INFOPLIST_KEY_UILaunchScreen_Generation = YES;
				LD_RUNPATH_SEARCH_PATHS = (
					"$(inherited)",
					"@executable_path/Frameworks",
				);
				MARKETING_VERSION = 1.0.0;
				PRODUCT_BUNDLE_IDENTIFIER = com.johannesdwicahyo.Huddle;
				SDKROOT = iphoneos;
				SWIFT_STRICT_CONCURRENCY = complete;
				TARGETED_DEVICE_FAMILY = "1,2";
			};
			name = Debug;
		};
		68F62C241A8A663344601466 /* Debug */ = {
			isa = XCBuildConfiguration;
			buildSettings = {
				ALWAYS_SEARCH_USER_PATHS = NO;
				CLANG_ANALYZER_NONNULL = YES;
				CLANG_ANALYZER_NUMBER_OBJECT_CONVERSION = YES_AGGRESSIVE;
				CLANG_CXX_LANGUAGE_STANDARD = "gnu++14";
				CLANG_CXX_LIBRARY = "libc++";
				CLANG_ENABLE_MODULES = YES;
				CLANG_ENABLE_OBJC_ARC = YES;
				CLANG_ENABLE_OBJC_WEAK = YES;
				CLANG_WARN_BLOCK_CAPTURE_AUTORELEASING = YES;
				CLANG_WARN_BOOL_CONVERSION = YES;
				CLANG_WARN_COMMA = YES;
				CLANG_WARN_CONSTANT_CONVERSION = YES;
				CLANG_WARN_DEPRECATED_OBJC_IMPLEMENTATIONS = YES;
				CLANG_WARN_DIRECT_OBJC_ISA_USAGE = YES_ERROR;
				CLANG_WARN_DOCUMENTATION_COMMENTS = YES;
				CLANG_WARN_EMPTY_BODY = YES;
				CLANG_WARN_ENUM_CONVERSION = YES;
				CLANG_WARN_INFINITE_RECURSION = YES;
				CLANG_WARN_INT_CONVERSION = YES;
				CLANG_WARN_NON_LITERAL_NULL_CONVERSION = YES;
				CLANG_WARN_OBJC_IMPLICIT_RETAIN_SELF = YES;
				CLANG_WARN_OBJC_LITERAL_CONVERSION = YES;
				CLANG_WARN_OBJC_ROOT_CLASS = YES_ERROR;
				CLANG_WARN_QUOTED_INCLUDE_IN_FRAMEWORK_HEADER = YES;
				CLANG_WARN_RANGE_LOOP_ANALYSIS = YES;
				CLANG_WARN_STRICT_PROTOTYPES = YES;
				CLANG_WARN_SUSPICIOUS_MOVE = YES;
				CLANG_WARN_UNGUARDED_AVAILABILITY = YES_AGGRESSIVE;
				CLANG_WARN_UNREACHABLE_CODE = YES;
				CLANG_WARN__DUPLICATE_METHOD_MATCH = YES;
				COPY_PHASE_STRIP = NO;
				DEBUG_INFORMATION_FORMAT = dwarf;
				ENABLE_STRICT_OBJC_MSGSEND = YES;
				ENABLE_TESTABILITY = YES;
				GCC_C_LANGUAGE_STANDARD = gnu11;
				GCC_DYNAMIC_NO_PIC = NO;
				GCC_NO_COMMON_BLOCKS = YES;
				GCC_OPTIMIZATION_LEVEL = 0;
				GCC_PREPROCESSOR_DEFINITIONS = (
					"$(inherited)",
					"DEBUG=1",
				);
				GCC_WARN_64_TO_32_BIT_CONVERSION = YES;
				GCC_WARN_ABOUT_RETURN_TYPE = YES_ERROR;
				GCC_WARN_UNDECLARED_SELECTOR = YES;
				GCC_WARN_UNINITIALIZED_AUTOS = YES_AGGRESSIVE;
				GCC_WARN_UNUSED_FUNCTION = YES;
				GCC_WARN_UNUSED_VARIABLE = YES;
				IPHONEOS_DEPLOYMENT_TARGET = 17.0;
				MTL_ENABLE_DEBUG_INFO = INCLUDE_SOURCE;
				MTL_FAST_MATH = YES;
				ONLY_ACTIVE_ARCH = YES;
				PRODUCT_NAME = "$(TARGET_NAME)";
				SDKROOT = iphoneos;
				SWIFT_ACTIVE_COMPILATION_CONDITIONS = DEBUG;
				SWIFT_OPTIMIZATION_LEVEL = "-Onone";
				SWIFT_VERSION = 6;
			};
			name = Debug;
		};
		E8599FA83B2A87234357598E /* Release */ = {
			isa = XCBuildConfiguration;
			buildSettings = {
				ASSETCATALOG_COMPILER_APPICON_NAME = AppIcon;
				CODE_SIGN_IDENTITY = "iPhone Developer";
				CURRENT_PROJECT_VERSION = 1;
				GENERATE_INFOPLIST_FILE = YES;
				INFOPLIST_KEY_UIApplicationSceneManifest_Generation = YES;
				INFOPLIST_KEY_UILaunchScreen_Generation = YES;
				LD_RUNPATH_SEARCH_PATHS = (
					"$(inherited)",
					"@executable_path/Frameworks",
				);
				MARKETING_VERSION = 1.0.0;
				PRODUCT_BUNDLE_IDENTIFIER = com.johannesdwicahyo.Huddle;
				SDKROOT = iphoneos;
				SWIFT_STRICT_CONCURRENCY = complete;
				TARGETED_DEVICE_FAMILY = "1,2";
			};
			name = Release;
		};
/* End XCBuildConfiguration section */

/* Begin XCConfigurationList section */
		6A53EC980C194441F9EED2EF /* Build configuration list for PBXProject "Huddle" */ = {
			isa = XCConfigurationList;
			buildConfigurations = (
				68F62C241A8A663344601466 /* Debug */,
				11345479E9CD4D92E6CFF0DE /* Release */,
			);
			defaultConfigurationIsVisible = 0;
			defaultConfigurationName = Debug;
		};
		BC56CAE6EF2115A1FB2EC101 /* Build configuration list for PBXNativeTarget "Huddle" */ = {
			isa = XCConfigurationList;
			buildConfigurations = (
				1F2C853008BB28B42829782F /* Debug */,
				E8599FA83B2A87234357598E /* Release */,
			);
			defaultConfigurationIsVisible = 0;
			defaultConfigurationName = Debug;
		};
/* End XCConfigurationList section */
	};
	rootObject = 8B65DB3BE6904A4C58091FB8 /* Project object */;
}
