// !$*UTF8*$!
{
	archiveVersion = 1;
	classes = {
	};
	objectVersion = 77;
	objects = {

/* Begin PBXBuildFile section */
		092D66A26164A51249895123 /* AppState.swift in Sources */ = {isa = PBXBuildFile; fileRef = 70CFB486F0376C3C5CAABAB1 /* AppState.swift */; };
		15AE4CA01EE2D586DCB6EE10 /* GameDefinition.swift in Sources */ = {isa = PBXBuildFile; fileRef = 37AAA83CEF2397FE0B65649E /* GameDefinition.swift */; };
		27E8A92FE449504A9BF31F30 /* TimerRing.swift in Sources */ = {isa = PBXBuildFile; fileRef = B5314861184126B5BC43C3B2 /* TimerRing.swift */; };
		2FD61F0C2E1B294AEA4863ED /* PassScreen.swift in Sources */ = {isa = PBXBuildFile; fileRef = 3C71D0EEA640B882AD5CE2C0 /* PassScreen.swift */; };
		43F803B089FC18B0E211AF73 /* GlowButton.swift in Sources */ = {isa = PBXBuildFile; fileRef = B4DDF90CC922854E86F61D19 /* GlowButton.swift */; };
		66BE36348884B2E45776E929 /* NeonCard.swift in Sources */ = {isa = PBXBuildFile; fileRef = 8FCEDA16394F1F3A0AB78884 /* NeonCard.swift */; };
		778C41E6C8A4FF45FD11E0E4 /* PlayerSetupView.swift in Sources */ = {isa = PBXBuildFile; fileRef = 71E90C55BBA87BE93BA91F61 /* PlayerSetupView.swift */; };
		7F215C5CE52ABEB4051C92E4 /* Player.swift in Sources */ = {isa = PBXBuildFile; fileRef = BB32DC836F593148CDB2E6A3 /* Player.swift */; };
		879BE9181CADE54B0798DA32 /* HuddleTypography.swift in Sources */ = {isa = PBXBuildFile; fileRef = E46B546F7FCF36F8EE67136C /* HuddleTypography.swift */; };
		8823549135B4A3424FBA9F16 /* GameResult.swift in Sources */ = {isa = PBXBuildFile; fileRef = 703A6856907591899552682B /* GameResult.swift */; };
		8993E97075C31376EA96DFDD /* HuddleApp.swift in Sources */ = {isa = PBXBuildFile; fileRef = 41006EB5E0CF2CA7A2865B38 /* HuddleApp.swift */; };
		9988C971321A6BA727134F94 /* ContentView.swift in Sources */ = {isa = PBXBuildFile; fileRef = 1F3584AA35AB0D5894ABE121 /* ContentView.swift */; };
		9A5D900B82628930FD8AA576 /* HubView.swift in Sources */ = {isa = PBXBuildFile; fileRef = 7813F47380AAFBA571BD21E2 /* HubView.swift */; };
		E4CD196A9C5282F940059EAF /* PlayerBadge.swift in Sources */ = {isa = PBXBuildFile; fileRef = D5B6F74F66950356BF6EC96D /* PlayerBadge.swift */; };
		EC538E85FA95AF52690EC231 /* HapticManager.swift in Sources */ = {isa = PBXBuildFile; fileRef = 0C5E1621D6CB4208527AD5F1 /* HapticManager.swift */; };
		EE58F803910E05D236195717 /* HuddleColors.swift in Sources */ = {isa = PBXBuildFile; fileRef = 74A66745AD122A84ED6569F0 /* HuddleColors.swift */; };
		EF933E5ACD24DDE6E59804F7 /* PlayLimitManager.swift in Sources */ = {isa = PBXBuildFile; fileRef = 594E979C34752A9BB80AE258 /* PlayLimitManager.swift */; };
		AA1000010000000000000001 /* ImpostorData.swift in Sources */ = {isa = PBXBuildFile; fileRef = BB1000010000000000000001 /* ImpostorData.swift */; };
		AA1000010000000000000002 /* ImpostorGame.swift in Sources */ = {isa = PBXBuildFile; fileRef = BB1000010000000000000002 /* ImpostorGame.swift */; };
		AA1000010000000000000003 /* ImpostorCoordinator.swift in Sources */ = {isa = PBXBuildFile; fileRef = BB1000010000000000000003 /* ImpostorCoordinator.swift */; };
		AA1000010000000000000004 /* ImpostorSetupView.swift in Sources */ = {isa = PBXBuildFile; fileRef = BB1000010000000000000004 /* ImpostorSetupView.swift */; };
		AA1000010000000000000005 /* ImpostorRevealView.swift in Sources */ = {isa = PBXBuildFile; fileRef = BB1000010000000000000005 /* ImpostorRevealView.swift */; };
		AA1000010000000000000006 /* ImpostorDiscussView.swift in Sources */ = {isa = PBXBuildFile; fileRef = BB1000010000000000000006 /* ImpostorDiscussView.swift */; };
		AA1000010000000000000007 /* ImpostorVoteView.swift in Sources */ = {isa = PBXBuildFile; fileRef = BB1000010000000000000007 /* ImpostorVoteView.swift */; };
		AA1000010000000000000008 /* ImpostorElimRevealView.swift in Sources */ = {isa = PBXBuildFile; fileRef = BB1000010000000000000008 /* ImpostorElimRevealView.swift */; };
		AA1000010000000000000009 /* ImpostorGuessView.swift in Sources */ = {isa = PBXBuildFile; fileRef = BB1000010000000000000009 /* ImpostorGuessView.swift */; };
		AA100001000000000000000A /* ImpostorResultView.swift in Sources */ = {isa = PBXBuildFile; fileRef = BB100001000000000000000A /* ImpostorResultView.swift */; };
		AA100001000000000000000B /* impostor_en.json in Resources */ = {isa = PBXBuildFile; fileRef = BB100001000000000000000B /* impostor_en.json */; };
		AA100001000000000000000C /* impostor_id.json in Resources */ = {isa = PBXBuildFile; fileRef = BB100001000000000000000C /* impostor_id.json */; };
/* End PBXBuildFile section */

/* Begin PBXFileReference section */
		0C5E1621D6CB4208527AD5F1 /* HapticManager.swift */ = {isa = PBXFileReference; lastKnownFileType = sourcecode.swift; path = HapticManager.swift; sourceTree = "<group>"; };
		1F3584AA35AB0D5894ABE121 /* ContentView.swift */ = {isa = PBXFileReference; lastKnownFileType = sourcecode.swift; path = ContentView.swift; sourceTree = "<group>"; };
		37AAA83CEF2397FE0B65649E /* GameDefinition.swift */ = {isa = PBXFileReference; lastKnownFileType = sourcecode.swift; path = GameDefinition.swift; sourceTree = "<group>"; };
		3C71D0EEA640B882AD5CE2C0 /* PassScreen.swift */ = {isa = PBXFileReference; lastKnownFileType = sourcecode.swift; path = PassScreen.swift; sourceTree = "<group>"; };
		41006EB5E0CF2CA7A2865B38 /* HuddleApp.swift */ = {isa = PBXFileReference; lastKnownFileType = sourcecode.swift; path = HuddleApp.swift; sourceTree = "<group>"; };
		594E979C34752A9BB80AE258 /* PlayLimitManager.swift */ = {isa = PBXFileReference; lastKnownFileType = sourcecode.swift; path = PlayLimitManager.swift; sourceTree = "<group>"; };
		703A6856907591899552682B /* GameResult.swift */ = {isa = PBXFileReference; lastKnownFileType = sourcecode.swift; path = GameResult.swift; sourceTree = "<group>"; };
		70CFB486F0376C3C5CAABAB1 /* AppState.swift */ = {isa = PBXFileReference; lastKnownFileType = sourcecode.swift; path = AppState.swift; sourceTree = "<group>"; };
		71E90C55BBA87BE93BA91F61 /* PlayerSetupView.swift */ = {isa = PBXFileReference; lastKnownFileType = sourcecode.swift; path = PlayerSetupView.swift; sourceTree = "<group>"; };
		74A66745AD122A84ED6569F0 /* HuddleColors.swift */ = {isa = PBXFileReference; lastKnownFileType = sourcecode.swift; path = HuddleColors.swift; sourceTree = "<group>"; };
		7813F47380AAFBA571BD21E2 /* HubView.swift */ = {isa = PBXFileReference; lastKnownFileType = sourcecode.swift; path = HubView.swift; sourceTree = "<group>"; };
		8FCEDA16394F1F3A0AB78884 /* NeonCard.swift */ = {isa = PBXFileReference; lastKnownFileType = sourcecode.swift; path = NeonCard.swift; sourceTree = "<group>"; };
		B4DDF90CC922854E86F61D19 /* GlowButton.swift */ = {isa = PBXFileReference; lastKnownFileType = sourcecode.swift; path = GlowButton.swift; sourceTree = "<group>"; };
		B5314861184126B5BC43C3B2 /* TimerRing.swift */ = {isa = PBXFileReference; lastKnownFileType = sourcecode.swift; path = TimerRing.swift; sourceTree = "<group>"; };
		BB32DC836F593148CDB2E6A3 /* Player.swift */ = {isa = PBXFileReference; lastKnownFileType = sourcecode.swift; path = Player.swift; sourceTree = "<group>"; };
		C74D50C85F3C50F0B37E6ABD /* Huddle.app */ = {isa = PBXFileReference; includeInIndex = 0; lastKnownFileType = wrapper.application; path = Huddle.app; sourceTree = BUILT_PRODUCTS_DIR; };
		D5B6F74F66950356BF6EC96D /* PlayerBadge.swift */ = {isa = PBXFileReference; lastKnownFileType = sourcecode.swift; path = PlayerBadge.swift; sourceTree = "<group>"; };
		E46B546F7FCF36F8EE67136C /* HuddleTypography.swift */ = {isa = PBXFileReference; lastKnownFileType = sourcecode.swift; path = HuddleTypography.swift; sourceTree = "<group>"; };
		BB1000010000000000000001 /* ImpostorData.swift */ = {isa = PBXFileReference; lastKnownFileType = sourcecode.swift; path = ImpostorData.swift; sourceTree = "<group>"; };
		BB1000010000000000000002 /* ImpostorGame.swift */ = {isa = PBXFileReference; lastKnownFileType = sourcecode.swift; path = ImpostorGame.swift; sourceTree = "<group>"; };
		BB1000010000000000000003 /* ImpostorCoordinator.swift */ = {isa = PBXFileReference; lastKnownFileType = sourcecode.swift; path = ImpostorCoordinator.swift; sourceTree = "<group>"; };
		BB1000010000000000000004 /* ImpostorSetupView.swift */ = {isa = PBXFileReference; lastKnownFileType = sourcecode.swift; path = ImpostorSetupView.swift; sourceTree = "<group>"; };
		BB1000010000000000000005 /* ImpostorRevealView.swift */ = {isa = PBXFileReference; lastKnownFileType = sourcecode.swift; path = ImpostorRevealView.swift; sourceTree = "<group>"; };
		BB1000010000000000000006 /* ImpostorDiscussView.swift */ = {isa = PBXFileReference; lastKnownFileType = sourcecode.swift; path = ImpostorDiscussView.swift; sourceTree = "<group>"; };
		BB1000010000000000000007 /* ImpostorVoteView.swift */ = {isa = PBXFileReference; lastKnownFileType = sourcecode.swift; path = ImpostorVoteView.swift; sourceTree = "<group>"; };
		BB1000010000000000000008 /* ImpostorElimRevealView.swift */ = {isa = PBXFileReference; lastKnownFileType = sourcecode.swift; path = ImpostorElimRevealView.swift; sourceTree = "<group>"; };
		BB1000010000000000000009 /* ImpostorGuessView.swift */ = {isa = PBXFileReference; lastKnownFileType = sourcecode.swift; path = ImpostorGuessView.swift; sourceTree = "<group>"; };
		BB100001000000000000000A /* ImpostorResultView.swift */ = {isa = PBXFileReference; lastKnownFileType = sourcecode.swift; path = ImpostorResultView.swift; sourceTree = "<group>"; };
		BB100001000000000000000B /* impostor_en.json */ = {isa = PBXFileReference; lastKnownFileType = text.json; path = impostor_en.json; sourceTree = "<group>"; };
		BB100001000000000000000C /* impostor_id.json */ = {isa = PBXFileReference; lastKnownFileType = text.json; path = impostor_id.json; sourceTree = "<group>"; };
/* End PBXFileReference section */

/* Begin PBXGroup section */
		1E560515E4713ABE5A981FA5 /* DesignSystem */ = {
			isa = PBXGroup;
			children = (
				74A66745AD122A84ED6569F0 /* HuddleColors.swift */,
				E46B546F7FCF36F8EE67136C /* HuddleTypography.swift */,
				891454D4169CB727E43F2131 /* Components */,
			);
			path = DesignSystem;
			sourceTree = "<group>";
		};
		37CC26ED76478AB6BF5EF2C9 /* PlayerSetup */ = {
			isa = PBXGroup;
			children = (
				71E90C55BBA87BE93BA91F61 /* PlayerSetupView.swift */,
			);
			path = PlayerSetup;
			sourceTree = "<group>";
		};
		503399F40534E28C6ED35BEE /* Features */ = {
			isa = PBXGroup;
			children = (
				AB7CD03FBDCC472B9B424306 /* Hub */,
				"TEMP_5F4A87B8-0A4F-4A27-AD28-024631BAFAB6" /* Impostor */,
				37CC26ED76478AB6BF5EF2C9 /* PlayerSetup */,
			);
			path = Features;
			sourceTree = "<group>";
		};
		5A56088FA0FF3C736EC5CF9C /* Models */ = {
			isa = PBXGroup;
			children = (
				37AAA83CEF2397FE0B65649E /* GameDefinition.swift */,
				703A6856907591899552682B /* GameResult.swift */,
				BB32DC836F593148CDB2E6A3 /* Player.swift */,
			);
			path = Models;
			sourceTree = "<group>";
		};
		66D24B705523B6166D34658C /* Products */ = {
			isa = PBXGroup;
			children = (
				C74D50C85F3C50F0B37E6ABD /* Huddle.app */,
			);
			name = Products;
			sourceTree = "<group>";
		};
		8835D02DF737CCC4612F3A33 /* Services */ = {
			isa = PBXGroup;
			children = (
				0C5E1621D6CB4208527AD5F1 /* HapticManager.swift */,
				594E979C34752A9BB80AE258 /* PlayLimitManager.swift */,
			);
			path = Services;
			sourceTree = "<group>";
		};
		891454D4169CB727E43F2131 /* Components */ = {
			isa = PBXGroup;
			children = (
				B4DDF90CC922854E86F61D19 /* GlowButton.swift */,
				8FCEDA16394F1F3A0AB78884 /* NeonCard.swift */,
				3C71D0EEA640B882AD5CE2C0 /* PassScreen.swift */,
				D5B6F74F66950356BF6EC96D /* PlayerBadge.swift */,
				B5314861184126B5BC43C3B2 /* TimerRing.swift */,
			);
			path = Components;
			sourceTree = "<group>";
		};
		90B81F83A7BACBF2C83A5AFC = {
			isa = PBXGroup;
			children = (
				A3225D5FBB0420D6B78D2731 /* Huddle */,
				66D24B705523B6166D34658C /* Products */,
			);
			sourceTree = "<group>";
		};
		9DFB967326B8DD01574D44B1 /* Core */ = {
			isa = PBXGroup;
			children = (
				1E560515E4713ABE5A981FA5 /* DesignSystem */,
				5A56088FA0FF3C736EC5CF9C /* Models */,
				8835D02DF737CCC4612F3A33 /* Services */,
			);
			path = Core;
			sourceTree = "<group>";
		};
		A3225D5FBB0420D6B78D2731 /* Huddle */ = {
			isa = PBXGroup;
			children = (
				B1AD5F6F4BA4C62BFB0BD9C7 /* App */,
				9DFB967326B8DD01574D44B1 /* Core */,
				503399F40534E28C6ED35BEE /* Features */,
				"TEMP_209E654A-B44A-4D8E-8BF4-63894F8DAA79" /* Resources */,
			);
			path = Huddle;
			sourceTree = "<group>";
		};
		AB7CD03FBDCC472B9B424306 /* Hub */ = {
			isa = PBXGroup;
			children = (
				7813F47380AAFBA571BD21E2 /* HubView.swift */,
			);
			path = Hub;
			sourceTree = "<group>";
		};
		B1AD5F6F4BA4C62BFB0BD9C7 /* App */ = {
			isa = PBXGroup;
			children = (
				70CFB486F0376C3C5CAABAB1 /* AppState.swift */,
				1F3584AA35AB0D5894ABE121 /* ContentView.swift */,
				41006EB5E0CF2CA7A2865B38 /* HuddleApp.swift */,
			);
			path = App;
			sourceTree = "<group>";
		};
		"TEMP_209E654A-B44A-4D8E-8BF4-63894F8DAA79" /* Resources */ = {
			isa = PBXGroup;
			children = (
				CC1000010000000000000002 /* WordData */,
			);
			path = Resources;
			sourceTree = "<group>";
		};
		CC1000010000000000000002 /* WordData */ = {
			isa = PBXGroup;
			children = (
				BB100001000000000000000B /* impostor_en.json */,
				BB100001000000000000000C /* impostor_id.json */,
			);
			path = WordData;
			sourceTree = "<group>";
		};
		"TEMP_34831D2E-D169-43C8-B0A0-AA3E7C3B0676" /* WordBomb */ = {
			isa = PBXGroup;
			children = (
			);
			path = WordBomb;
			sourceTree = "<group>";
		};
		"TEMP_5466BCCF-3687-431D-9D15-D81D96A0A510" /* MostLikelyTo */ = {
			isa = PBXGroup;
			children = (
			);
			path = MostLikelyTo;
			sourceTree = "<group>";
		};
		"TEMP_5F4A87B8-0A4F-4A27-AD28-024631BAFAB6" /* Impostor */ = {
			isa = PBXGroup;
			children = (
				BB1000010000000000000001 /* ImpostorData.swift */,
				BB1000010000000000000002 /* ImpostorGame.swift */,
				BB1000010000000000000003 /* ImpostorCoordinator.swift */,
				CC1000010000000000000001 /* Views */,
			);
			path = Impostor;
			sourceTree = "<group>";
		};
		CC1000010000000000000001 /* Views */ = {
			isa = PBXGroup;
			children = (
				BB1000010000000000000004 /* ImpostorSetupView.swift */,
				BB1000010000000000000005 /* ImpostorRevealView.swift */,
				BB1000010000000000000006 /* ImpostorDiscussView.swift */,
				BB1000010000000000000007 /* ImpostorVoteView.swift */,
				BB1000010000000000000008 /* ImpostorElimRevealView.swift */,
				BB1000010000000000000009 /* ImpostorGuessView.swift */,
				BB100001000000000000000A /* ImpostorResultView.swift */,
			);
			path = Views;
			sourceTree = "<group>";
		};
		"TEMP_875A93A1-2EC3-4B20-B8C7-B99BF7EC041F" /* Roulette */ = {
			isa = PBXGroup;
			children = (
			);
			path = Roulette;
			sourceTree = "<group>";
		};
		"TEMP_9AEC0E94-FA24-4DFF-9243-B9B3784E9286" /* WhoAmI */ = {
			isa = PBXGroup;
			children = (
			);
			path = WhoAmI;
			sourceTree = "<group>";
		};
/* End PBXGroup section */

/* Begin PBXNativeTarget section */
		FCC2903B5D889374727480B3 /* Huddle */ = {
			isa = PBXNativeTarget;
			buildConfigurationList = BC56CAE6EF2115A1FB2EC101 /* Build configuration list for PBXNativeTarget "Huddle" */;
			buildPhases = (
				E98ECB2CDE0A7405C62AB6E1 /* Sources */,
				DD1000010000000000000001 /* Resources */,
			);
			buildRules = (
			);
			dependencies = (
			);
			name = Huddle;
			packageProductDependencies = (
			);
			productName = Huddle;
			productReference = C74D50C85F3C50F0B37E6ABD /* Huddle.app */;
			productType = "com.apple.product-type.application";
		};
/* End PBXNativeTarget section */

/* Begin PBXProject section */
		8B65DB3BE6904A4C58091FB8 /* Project object */ = {
			isa = PBXProject;
			attributes = {
				BuildIndependentTargetsInParallel = YES;
				LastUpgradeCheck = 1430;
			};
			buildConfigurationList = 6A53EC980C194441F9EED2EF /* Build configuration list for PBXProject "Huddle" */;
			compatibilityVersion = "Xcode 14.0";
			developmentRegion = en;
			hasScannedForEncodings = 0;
			knownRegions = (
				Base,
				en,
			);
			mainGroup = 90B81F83A7BACBF2C83A5AFC;
			minimizedProjectReferenceProxies = 1;
			preferredProjectObjectVersion = 77;
			projectDirPath = "";
			projectRoot = "";
			targets = (
				FCC2903B5D889374727480B3 /* Huddle */,
			);
		};
/* End PBXProject section */

/* Begin PBXSourcesBuildPhase section */
		E98ECB2CDE0A7405C62AB6E1 /* Sources */ = {
			isa = PBXSourcesBuildPhase;
			buildActionMask = 2147483647;
			files = (
				092D66A26164A51249895123 /* AppState.swift in Sources */,
				9988C971321A6BA727134F94 /* ContentView.swift in Sources */,
				15AE4CA01EE2D586DCB6EE10 /* GameDefinition.swift in Sources */,
				8823549135B4A3424FBA9F16 /* GameResult.swift in Sources */,
				43F803B089FC18B0E211AF73 /* GlowButton.swift in Sources */,
				EC538E85FA95AF52690EC231 /* HapticManager.swift in Sources */,
				9A5D900B82628930FD8AA576 /* HubView.swift in Sources */,
				8993E97075C31376EA96DFDD /* HuddleApp.swift in Sources */,
				EE58F803910E05D236195717 /* HuddleColors.swift in Sources */,
				879BE9181CADE54B0798DA32 /* HuddleTypography.swift in Sources */,
				66BE36348884B2E45776E929 /* NeonCard.swift in Sources */,
				2FD61F0C2E1B294AEA4863ED /* PassScreen.swift in Sources */,
				EF933E5ACD24DDE6E59804F7 /* PlayLimitManager.swift in Sources */,
				7F215C5CE52ABEB4051C92E4 /* Player.swift in Sources */,
				E4CD196A9C5282F940059EAF /* PlayerBadge.swift in Sources */,
				778C41E6C8A4FF45FD11E0E4 /* PlayerSetupView.swift in Sources */,
				27E8A92FE449504A9BF31F30 /* TimerRing.swift in Sources */,
				AA1000010000000000000001 /* ImpostorData.swift in Sources */,
				AA1000010000000000000002 /* ImpostorGame.swift in Sources */,
				AA1000010000000000000003 /* ImpostorCoordinator.swift in Sources */,
				AA1000010000000000000004 /* ImpostorSetupView.swift in Sources */,
				AA1000010000000000000005 /* ImpostorRevealView.swift in Sources */,
				AA1000010000000000000006 /* ImpostorDiscussView.swift in Sources */,
				AA1000010000000000000007 /* ImpostorVoteView.swift in Sources */,
				AA1000010000000000000008 /* ImpostorElimRevealView.swift in Sources */,
				AA1000010000000000000009 /* ImpostorGuessView.swift in Sources */,
				AA100001000000000000000A /* ImpostorResultView.swift in Sources */,
			);
			runOnlyForDeploymentPostprocessing = 0;
		};
/* End PBXSourcesBuildPhase section */

/* Begin PBXResourcesBuildPhase section */
		DD1000010000000000000001 /* Resources */ = {
			isa = PBXResourcesBuildPhase;
			buildActionMask = 2147483647;
			files = (
				AA100001000000000000000B /* impostor_en.json in Resources */,
				AA100001000000000000000C /* impostor_id.json in Resources */,
			);
			runOnlyForDeploymentPostprocessing = 0;
		};
/* End PBXResourcesBuildPhase section */

/* Begin XCBuildConfiguration section */
		11345479E9CD4D92E6CFF0DE /* Release */ = {
			isa = XCBuildConfiguration;
			buildSettings = {
				ALWAYS_SEARCH_USER_PATHS = NO;
				CLANG_ANALYZER_NONNULL = YES;
				CLANG_ANALYZER_NUMBER_OBJECT_CONVERSION = YES_AGGRESSIVE;
				CLANG_CXX_LANGUAGE_STANDARD = "gnu++14";
				CLANG_CXX_LIBRARY = "libc++";
				CLANG_ENABLE_MODULES = YES;
				CLANG_ENABLE_OBJC_ARC = YES;
				CLANG_ENABLE_OBJC_WEAK = YES;
				CLANG_WARN_BLOCK_CAPTURE_AUTORELEASING = YES;
				CLANG_WARN_BOOL_CONVERSION = YES;
				CLANG_WARN_COMMA = YES;
				CLANG_WARN_CONSTANT_CONVERSION = YES;
				CLANG_WARN_DEPRECATED_OBJC_IMPLEMENTATIONS = YES;
				CLANG_WARN_DIRECT_OBJC_ISA_USAGE = YES_ERROR;
				CLANG_WARN_DOCUMENTATION_COMMENTS = YES;
				CLANG_WARN_EMPTY_BODY = YES;
				CLANG_WARN_ENUM_CONVERSION = YES;
				CLANG_WARN_INFINITE_RECURSION = YES;
				CLANG_WARN_INT_CONVERSION = YES;
				CLANG_WARN_NON_LITERAL_NULL_CONVERSION = YES;
				CLANG_WARN_OBJC_IMPLICIT_RETAIN_SELF = YES;
				CLANG_WARN_OBJC_LITERAL_CONVERSION = YES;
				CLANG_WARN_OBJC_ROOT_CLASS = YES_ERROR;
				CLANG_WARN_QUOTED_INCLUDE_IN_FRAMEWORK_HEADER = YES;
				CLANG_WARN_RANGE_LOOP_ANALYSIS = YES;
				CLANG_WARN_STRICT_PROTOTYPES = YES;
				CLANG_WARN_SUSPICIOUS_MOVE = YES;
				CLANG_WARN_UNGUARDED_AVAILABILITY = YES_AGGRESSIVE;
				CLANG_WARN_UNREACHABLE_CODE = YES;
				CLANG_WARN__DUPLICATE_METHOD_MATCH = YES;
				COPY_PHASE_STRIP = NO;
				DEBUG_INFORMATION_FORMAT = "dwarf-with-dsym";
				ENABLE_NS_ASSERTIONS = NO;
				ENABLE_STRICT_OBJC_MSGSEND = YES;
				GCC_C_LANGUAGE_STANDARD = gnu11;
				GCC_NO_COMMON_BLOCKS = YES;
				GCC_WARN_64_TO_32_BIT_CONVERSION = YES;
				GCC_WARN_ABOUT_RETURN_TYPE = YES_ERROR;
				GCC_WARN_UNDECLARED_SELECTOR = YES;
				GCC_WARN_UNINITIALIZED_AUTOS = YES_AGGRESSIVE;
				GCC_WARN_UNUSED_FUNCTION = YES;
				GCC_WARN_UNUSED_VARIABLE = YES;
				IPHONEOS_DEPLOYMENT_TARGET = 17.0;
				MTL_ENABLE_DEBUG_INFO = NO;
				MTL_FAST_MATH = YES;
				PRODUCT_NAME = "$(TARGET_NAME)";
				SDKROOT = iphoneos;
				SWIFT_COMPILATION_MODE = wholemodule;
				SWIFT_OPTIMIZATION_LEVEL = "-O";
				SWIFT_VERSION = 6;
			};
			name = Release;
		};
		1F2C853008BB28B42829782F /* Debug */ = {
			isa = XCBuildConfiguration;
			buildSettings = {
				ASSETCATALOG_COMPILER_APPICON_NAME = AppIcon;
				CODE_SIGN_IDENTITY = "iPhone Developer";
				CURRENT_PROJECT_VERSION = 1;
				GENERATE_INFOPLIST_FILE = YES;
				INFOPLIST_KEY_UIApplicationSceneManifest_Generation = YES;
				INFOPLIST_KEY_UILaunchScreen_Generation = YES;
				LD_RUNPATH_SEARCH_PATHS = (
					"$(inherited)",
					"@executable_path/Frameworks",
				);
				MARKETING_VERSION = 1.0.0;
				PRODUCT_BUNDLE_IDENTIFIER = com.johannesdwicahyo.Huddle;
				SDKROOT = iphoneos;
				SWIFT_STRICT_CONCURRENCY = complete;
				TARGETED_DEVICE_FAMILY = "1,2";
			};
			name = Debug;
		};
		68F62C241A8A663344601466 /* Debug */ = {
			isa = XCBuildConfiguration;
			buildSettings = {
				ALWAYS_SEARCH_USER_PATHS = NO;
				CLANG_ANALYZER_NONNULL = YES;
				CLANG_ANALYZER_NUMBER_OBJECT_CONVERSION = YES_AGGRESSIVE;
				CLANG_CXX_LANGUAGE_STANDARD = "gnu++14";
				CLANG_CXX_LIBRARY = "libc++";
				CLANG_ENABLE_MODULES = YES;
				CLANG_ENABLE_OBJC_ARC = YES;
				CLANG_ENABLE_OBJC_WEAK = YES;
				CLANG_WARN_BLOCK_CAPTURE_AUTORELEASING = YES;
				CLANG_WARN_BOOL_CONVERSION = YES;
				CLANG_WARN_COMMA = YES;
				CLANG_WARN_CONSTANT_CONVERSION = YES;
				CLANG_WARN_DEPRECATED_OBJC_IMPLEMENTATIONS = YES;
				CLANG_WARN_DIRECT_OBJC_ISA_USAGE = YES_ERROR;
				CLANG_WARN_DOCUMENTATION_COMMENTS = YES;
				CLANG_WARN_EMPTY_BODY = YES;
				CLANG_WARN_ENUM_CONVERSION = YES;
				CLANG_WARN_INFINITE_RECURSION = YES;
				CLANG_WARN_INT_CONVERSION = YES;
				CLANG_WARN_NON_LITERAL_NULL_CONVERSION = YES;
				CLANG_WARN_OBJC_IMPLICIT_RETAIN_SELF = YES;
				CLANG_WARN_OBJC_LITERAL_CONVERSION = YES;
				CLANG_WARN_OBJC_ROOT_CLASS = YES_ERROR;
				CLANG_WARN_QUOTED_INCLUDE_IN_FRAMEWORK_HEADER = YES;
				CLANG_WARN_RANGE_LOOP_ANALYSIS = YES;
				CLANG_WARN_STRICT_PROTOTYPES = YES;
				CLANG_WARN_SUSPICIOUS_MOVE = YES;
				CLANG_WARN_UNGUARDED_AVAILABILITY = YES_AGGRESSIVE;
				CLANG_WARN_UNREACHABLE_CODE = YES;
				CLANG_WARN__DUPLICATE_METHOD_MATCH = YES;
				COPY_PHASE_STRIP = NO;
				DEBUG_INFORMATION_FORMAT = dwarf;
				ENABLE_STRICT_OBJC_MSGSEND = YES;
				ENABLE_TESTABILITY = YES;
				GCC_C_LANGUAGE_STANDARD = gnu11;
				GCC_DYNAMIC_NO_PIC = NO;
				GCC_NO_COMMON_BLOCKS = YES;
				GCC_OPTIMIZATION_LEVEL = 0;
				GCC_PREPROCESSOR_DEFINITIONS = (
					"$(inherited)",
					"DEBUG=1",
				);
				GCC_WARN_64_TO_32_BIT_CONVERSION = YES;
				GCC_WARN_ABOUT_RETURN_TYPE = YES_ERROR;
				GCC_WARN_UNDECLARED_SELECTOR = YES;
				GCC_WARN_UNINITIALIZED_AUTOS = YES_AGGRESSIVE;
				GCC_WARN_UNUSED_FUNCTION = YES;
				GCC_WARN_UNUSED_VARIABLE = YES;
				IPHONEOS_DEPLOYMENT_TARGET = 17.0;
				MTL_ENABLE_DEBUG_INFO = INCLUDE_SOURCE;
				MTL_FAST_MATH = YES;
				ONLY_ACTIVE_ARCH = YES;
				PRODUCT_NAME = "$(TARGET_NAME)";
				SDKROOT = iphoneos;
				SWIFT_ACTIVE_COMPILATION_CONDITIONS = DEBUG;
				SWIFT_OPTIMIZATION_LEVEL = "-Onone";
				SWIFT_VERSION = 6;
			};
			name = Debug;
		};
		E8599FA83B2A87234357598E /* Release */ = {
			isa = XCBuildConfiguration;
			buildSettings = {
				ASSETCATALOG_COMPILER_APPICON_NAME = AppIcon;
				CODE_SIGN_IDENTITY = "iPhone Developer";
				CURRENT_PROJECT_VERSION = 1;
				GENERATE_INFOPLIST_FILE = YES;
				INFOPLIST_KEY_UIApplicationSceneManifest_Generation = YES;
				INFOPLIST_KEY_UILaunchScreen_Generation = YES;
				LD_RUNPATH_SEARCH_PATHS = (
					"$(inherited)",
					"@executable_path/Frameworks",
				);
				MARKETING_VERSION = 1.0.0;
				PRODUCT_BUNDLE_IDENTIFIER = com.johannesdwicahyo.Huddle;
				SDKROOT = iphoneos;
				SWIFT_STRICT_CONCURRENCY = complete;
				TARGETED_DEVICE_FAMILY = "1,2";
			};
			name = Release;
		};
/* End XCBuildConfiguration section */

/* Begin XCConfigurationList section */
		6A53EC980C194441F9EED2EF /* Build configuration list for PBXProject "Huddle" */ = {
			isa = XCConfigurationList;
			buildConfigurations = (
				68F62C241A8A663344601466 /* Debug */,
				11345479E9CD4D92E6CFF0DE /* Release */,
			);
			defaultConfigurationIsVisible = 0;
			defaultConfigurationName = Debug;
		};
		BC56CAE6EF2115A1FB2EC101 /* Build configuration list for PBXNativeTarget "Huddle" */ = {
			isa = XCConfigurationList;
			buildConfigurations = (
				1F2C853008BB28B42829782F /* Debug */,
				E8599FA83B2A87234357598E /* Release */,
			);
			defaultConfigurationIsVisible = 0;
			defaultConfigurationName = Debug;
		};
/* End XCConfigurationList section */
	};
	rootObject = 8B65DB3BE6904A4C58091FB8 /* Project object */;
}
